
Microsoft Visual Studio Solution File, Format Version 12.00
# Visual Studio Version 16
VisualStudioVersion = 16.0.31515.178
MinimumVisualStudioVersion = 10.0.40219.1
Project("{8BC9CEB8-8B4A-11D0-8D11-00A0C91BC942}") = "2021-16-07-g2", "2021-16-07-g2\2021-16-07-g2.vcxproj", "{EF01A0F8-F9D2-4837-A0A3-77F4117C0866}"
EndProject
Global
	GlobalSection(SolutionConfigurationPlatforms) = preSolution
		Debug|x64 = Debug|x64
		Debug|x86 = Debug|x86
		Release|x64 = Release|x64
		Release|x86 = Release|x86
	EndGlobalSection
	GlobalSection(ProjectConfigurationPlatforms) = postSolution
		{EF01A0F8-F9D2-4837-A0A3-77F4117C0866}.Debug|x64.ActiveCfg = Debug|x64
		{EF01A0F8-F9D2-4837-A0A3-77F4117C0866}.Debug|x64.Build.0 = Debug|x64
		{EF01A0F8-F9D2-4837-A0A3-77F4117C0866}.Debug|x86.ActiveCfg = Debug|Win32
		{EF01A0F8-F9D2-4837-A0A3-77F4117C0866}.Debug|x86.Build.0 = Debug|Win32
		{EF01A0F8-F9D2-4837-A0A3-77F4117C0866}.Release|x64.ActiveCfg = Release|x64
		{EF01A0F8-F9D2-4837-A0A3-77F4117C0866}.Release|x64.Build.0 = Release|x64
		{EF01A0F8-F9D2-4837-A0A3-77F4117C0866}.Release|x86.ActiveCfg = Release|Win32
		{EF01A0F8-F9D2-4837-A0A3-77F4117C0866}.Release|x86.Build.0 = Release|Win32
	EndGlobalSection
	GlobalSection(SolutionProperties) = preSolution
		HideSolutionNode = FALSE
	EndGlobalSection
	GlobalSection(ExtensibilityGlobals) = postSolution
		SolutionGuid = {9BC214B0-24B9-4C90-8CB1-C0EBA01926C3}
	EndGlobalSection
EndGlobal
