
Microsoft Visual Studio Solution File, Format Version 12.00
# Visual Studio Version 16
VisualStudioVersion = 16.0.31515.178
MinimumVisualStudioVersion = 10.0.40219.1
Project("{8BC9CEB8-8B4A-11D0-8D11-00A0C91BC942}") = "Vjezbe 5", "Vjezbe 5\Vjezbe 5.vcxproj", "{F3504635-9955-405C-8CAC-EC21A8391272}"
EndProject
Global
	GlobalSection(SolutionConfigurationPlatforms) = preSolution
		Debug|x64 = Debug|x64
		Debug|x86 = Debug|x86
		Release|x64 = Release|x64
		Release|x86 = Release|x86
	EndGlobalSection
	GlobalSection(ProjectConfigurationPlatforms) = postSolution
		{F3504635-9955-405C-8CAC-EC21A8391272}.Debug|x64.ActiveCfg = Debug|x64
		{F3504635-9955-405C-8CAC-EC21A8391272}.Debug|x64.Build.0 = Debug|x64
		{F3504635-9955-405C-8CAC-EC21A8391272}.Debug|x86.ActiveCfg = Debug|Win32
		{F3504635-9955-405C-8CAC-EC21A8391272}.Debug|x86.Build.0 = Debug|Win32
		{F3504635-9955-405C-8CAC-EC21A8391272}.Release|x64.ActiveCfg = Release|x64
		{F3504635-9955-405C-8CAC-EC21A8391272}.Release|x64.Build.0 = Release|x64
		{F3504635-9955-405C-8CAC-EC21A8391272}.Release|x86.ActiveCfg = Release|Win32
		{F3504635-9955-405C-8CAC-EC21A8391272}.Release|x86.Build.0 = Release|Win32
	EndGlobalSection
	GlobalSection(SolutionProperties) = preSolution
		HideSolutionNode = FALSE
	EndGlobalSection
	GlobalSection(ExtensibilityGlobals) = postSolution
		SolutionGuid = {E3E4F956-DEC5-4EFE-9691-562CCECFC4FF}
	EndGlobalSection
EndGlobal
